schema: '2.0'
stages:
  data extraction:
    cmd: python src/extract_data.py
    deps:
    - path: src/extract_data.py
      md5: aeef7b729139c5687d7d0f9f0af8dc3a
      size: 936
    outs:
    - path: brst_assets/brst_data
      md5: 9abb1161fda5eed47adbc37960a818a2.dir
      size: 126043
      nfiles: 2
  feature engineering:
    cmd: python src/extract_features.py
    deps:
    - path: brst_assets/brst_data
      md5: 9abb1161fda5eed47adbc37960a818a2.dir
      size: 126043
      nfiles: 2
    - path: src/extract_features.py
      md5: fe9a33695bcf442bb04df19653ef4cb5
      size: 1371
    outs:
    - path: brst_assets/brst_features
      md5: ce9bf4cb03beeec4305f19a517b97e4c.dir
      size: 126043
      nfiles: 4
  model training:
    cmd: python src/train_model.py
    deps:
    - path: brst_assets/brst_features
      md5: ce9bf4cb03beeec4305f19a517b97e4c.dir
      size: 126043
      nfiles: 4
    - path: src/train_model.py
      md5: 20faf2eeac3bd021786c110f13f3d0be
      size: 868
    outs:
    - path: brst_assets/brst_models
      md5: 5cc203268fc42f3bfcf1dc01fe43af5d.dir
      size: 535286
      nfiles: 1
  model evaluation:
    cmd: python src/evaluate_model.py
    deps:
    - path: brst_assets/brst_features
      md5: 77596733835dbe40298c93e37581939d.dir
      size: 126283
      nfiles: 5
    - path: brst_assets/brst_models
      md5: 5cc203268fc42f3bfcf1dc01fe43af5d.dir
      size: 535286
      nfiles: 1
    - path: src/evaluate_model.py
      md5: 5cf7c3f6203c36e5ee3e258d0cefccd9
      size: 1844
    outs:
    - path: brst_assets/brst_metrics/metrics.json
      md5: 8e26c294c15c490d8c268c9b4d94e43f
      size: 82
